
Microsoft Visual Studio Solution File, Format Version 12.00
# Visual Studio Version 16
VisualStudioVersion = 16.0.30413.136
MinimumVisualStudioVersion = 10.0.40219.1
Project("{FAE04EC0-301F-11D3-BF4B-00C04F79EFBC}") = "assignment1", "assignment1\assignment1.csproj", "{C5C3693A-F5E7-4C04-A0D1-70BAD8256059}"
EndProject
Project("{FAE04EC0-301F-11D3-BF4B-00C04F79EFBC}") = "MyTools", "MyTools\MyTools.csproj", "{2713C540-B7AA-42B4-A806-3FCB686D3F22}"
EndProject
Global
	GlobalSection(SolutionConfigurationPlatforms) = preSolution
		Debug|Any CPU = Debug|Any CPU
		Release|Any CPU = Release|Any CPU
	EndGlobalSection
	GlobalSection(ProjectConfigurationPlatforms) = postSolution
		{C5C3693A-F5E7-4C04-A0D1-70BAD8256059}.Debug|Any CPU.ActiveCfg = Debug|Any CPU
		{C5C3693A-F5E7-4C04-A0D1-70BAD8256059}.Debug|Any CPU.Build.0 = Debug|Any CPU
		{C5C3693A-F5E7-4C04-A0D1-70BAD8256059}.Release|Any CPU.ActiveCfg = Release|Any CPU
		{C5C3693A-F5E7-4C04-A0D1-70BAD8256059}.Release|Any CPU.Build.0 = Release|Any CPU
		{2713C540-B7AA-42B4-A806-3FCB686D3F22}.Debug|Any CPU.ActiveCfg = Debug|Any CPU
		{2713C540-B7AA-42B4-A806-3FCB686D3F22}.Debug|Any CPU.Build.0 = Debug|Any CPU
		{2713C540-B7AA-42B4-A806-3FCB686D3F22}.Release|Any CPU.ActiveCfg = Release|Any CPU
		{2713C540-B7AA-42B4-A806-3FCB686D3F22}.Release|Any CPU.Build.0 = Release|Any CPU
	EndGlobalSection
	GlobalSection(SolutionProperties) = preSolution
		HideSolutionNode = FALSE
	EndGlobalSection
	GlobalSection(ExtensibilityGlobals) = postSolution
		SolutionGuid = {169E9E65-054B-43F1-B793-CC4110D55279}
	EndGlobalSection
EndGlobal
