
Microsoft Visual Studio Solution File, Format Version 12.00
# Visual Studio Version 16
VisualStudioVersion = 16.0.30413.136
MinimumVisualStudioVersion = 10.0.40219.1
Project("{9A19103F-16F7-4668-BE54-9A1E7A4F7556}") = "assignment0", "assignment0\assignment0.csproj", "{DA2BA5B2-3CD5-4C07-B7F1-4D9FB558D5A9}"
EndProject
Project("{9A19103F-16F7-4668-BE54-9A1E7A4F7556}") = "assignment1", "assignment1\assignment1.csproj", "{3019747B-1C9F-4D97-B0DF-C01DD32AD693}"
EndProject
Project("{9A19103F-16F7-4668-BE54-9A1E7A4F7556}") = "assignment2", "assignment2\assignment2.csproj", "{69360D65-3480-42B5-B757-420DC91C6141}"
EndProject
Project("{9A19103F-16F7-4668-BE54-9A1E7A4F7556}") = "assignment3", "assignment3\assignment3.csproj", "{65A4AD9D-3B55-4F69-B190-1C3B1A1A4AF4}"
EndProject
Global
	GlobalSection(SolutionConfigurationPlatforms) = preSolution
		Debug|Any CPU = Debug|Any CPU
		Release|Any CPU = Release|Any CPU
	EndGlobalSection
	GlobalSection(ProjectConfigurationPlatforms) = postSolution
		{DA2BA5B2-3CD5-4C07-B7F1-4D9FB558D5A9}.Debug|Any CPU.ActiveCfg = Debug|Any CPU
		{DA2BA5B2-3CD5-4C07-B7F1-4D9FB558D5A9}.Debug|Any CPU.Build.0 = Debug|Any CPU
		{DA2BA5B2-3CD5-4C07-B7F1-4D9FB558D5A9}.Release|Any CPU.ActiveCfg = Release|Any CPU
		{DA2BA5B2-3CD5-4C07-B7F1-4D9FB558D5A9}.Release|Any CPU.Build.0 = Release|Any CPU
		{3019747B-1C9F-4D97-B0DF-C01DD32AD693}.Debug|Any CPU.ActiveCfg = Debug|Any CPU
		{3019747B-1C9F-4D97-B0DF-C01DD32AD693}.Debug|Any CPU.Build.0 = Debug|Any CPU
		{3019747B-1C9F-4D97-B0DF-C01DD32AD693}.Release|Any CPU.ActiveCfg = Release|Any CPU
		{3019747B-1C9F-4D97-B0DF-C01DD32AD693}.Release|Any CPU.Build.0 = Release|Any CPU
		{69360D65-3480-42B5-B757-420DC91C6141}.Debug|Any CPU.ActiveCfg = Debug|Any CPU
		{69360D65-3480-42B5-B757-420DC91C6141}.Debug|Any CPU.Build.0 = Debug|Any CPU
		{69360D65-3480-42B5-B757-420DC91C6141}.Release|Any CPU.ActiveCfg = Release|Any CPU
		{69360D65-3480-42B5-B757-420DC91C6141}.Release|Any CPU.Build.0 = Release|Any CPU
		{65A4AD9D-3B55-4F69-B190-1C3B1A1A4AF4}.Debug|Any CPU.ActiveCfg = Debug|Any CPU
		{65A4AD9D-3B55-4F69-B190-1C3B1A1A4AF4}.Debug|Any CPU.Build.0 = Debug|Any CPU
		{65A4AD9D-3B55-4F69-B190-1C3B1A1A4AF4}.Release|Any CPU.ActiveCfg = Release|Any CPU
		{65A4AD9D-3B55-4F69-B190-1C3B1A1A4AF4}.Release|Any CPU.Build.0 = Release|Any CPU
	EndGlobalSection
	GlobalSection(SolutionProperties) = preSolution
		HideSolutionNode = FALSE
	EndGlobalSection
	GlobalSection(ExtensibilityGlobals) = postSolution
		SolutionGuid = {353DFC36-39A6-4B0E-98CC-9C20C9B5BCFA}
	EndGlobalSection
EndGlobal
